// !$*UTF8*$!
{
	archiveVersion = 1;
	classes = {
	};
	objectVersion = 48;
	objects = {

/* Begin PBXBuildFile section */
		5E80CBAF1F5482680090A52B /* AppDelegate.swift in Sources */ = {isa = PBXBuildFile; fileRef = 5E80CBAE1F5482680090A52B /* AppDelegate.swift */; };
		5E80CBB11F5482680090A52B /* ViewController.swift in Sources */ = {isa = PBXBuildFile; fileRef = 5E80CBB01F5482680090A52B /* ViewController.swift */; };
		5E80CBB41F5482680090A52B /* Main.storyboard in Resources */ = {isa = PBXBuildFile; fileRef = 5E80CBB21F5482680090A52B /* Main.storyboard */; };
		5E80CBB61F5482680090A52B /* Assets.xcassets in Resources */ = {isa = PBXBuildFile; fileRef = 5E80CBB51F5482680090A52B /* Assets.xcassets */; };
		5E80CBB91F5482680090A52B /* LaunchScreen.storyboard in Resources */ = {isa = PBXBuildFile; fileRef = 5E80CBB71F5482680090A52B /* LaunchScreen.storyboard */; };
/* End PBXBuildFile section */

/* Begin PBXFileReference section */
		5E80CBAB1F5482680090A52B /* LiveCamera4.app */ = {isa = PBXFileReference; explicitFileType = wrapper.application; includeInIndex = 0; path = LiveCamera4.app; sourceTree = BUILT_PRODUCTS_DIR; };
		5E80CBAE1F5482680090A52B /* AppDelegate.swift */ = {isa = PBXFileReference; lastKnownFileType = sourcecode.swift; path = AppDelegate.swift; sourceTree = "<group>"; };
		5E80CBB01F5482680090A52B /* ViewController.swift */ = {isa = PBXFileReference; lastKnownFileType = sourcecode.swift; path = ViewController.swift; sourceTree = "<group>"; };
		5E80CBB31F5482680090A52B /* Base */ = {isa = PBXFileReference; lastKnownFileType = file.storyboard; name = Base; path = Base.lproj/Main.storyboard; sourceTree = "<group>"; };
		5E80CBB51F5482680090A52B /* Assets.xcassets */ = {isa = PBXFileReference; lastKnownFileType = folder.assetcatalog; path = Assets.xcassets; sourceTree = "<group>"; };
		5E80CBB81F5482680090A52B /* Base */ = {isa = PBXFileReference; lastKnownFileType = file.storyboard; name = Base; path = Base.lproj/LaunchScreen.storyboard; sourceTree = "<group>"; };
		5E80CBBA1F5482680090A52B /* Info.plist */ = {isa = PBXFileReference; lastKnownFileType = text.plist.xml; path = Info.plist; sourceTree = "<group>"; };
/* End PBXFileReference section */

/* Begin PBXFrameworksBuildPhase section */
		5E80CBA81F5482680090A52B /* Frameworks */ = {
			isa = PBXFrameworksBuildPhase;
			buildActionMask = 2147483647;
			files = (
			);
			runOnlyForDeploymentPostprocessing = 0;
		};
/* End PBXFrameworksBuildPhase section */

/* Begin PBXGroup section */
		5E80CBA21F5482680090A52B = {
			isa = PBXGroup;
			children = (
				5E80CBAD1F5482680090A52B /* LiveCamera4 */,
				5E80CBAC1F5482680090A52B /* Products */,
			);
			sourceTree = "<group>";
		};
		5E80CBAC1F5482680090A52B /* Products */ = {
			isa = PBXGroup;
			children = (
				5E80CBAB1F5482680090A52B /* LiveCamera4.app */,
			);
			name = Products;
			sourceTree = "<group>";
		};
		5E80CBAD1F5482680090A52B /* LiveCamera4 */ = {
			isa = PBXGroup;
			children = (
				5E80CBAE1F5482680090A52B /* AppDelegate.swift */,
				5E80CBB01F5482680090A52B /* ViewController.swift */,
				5E80CBB21F5482680090A52B /* Main.storyboard */,
				5E80CBB51F5482680090A52B /* Assets.xcassets */,
				5E80CBB71F5482680090A52B /* LaunchScreen.storyboard */,
				5E80CBBA1F5482680090A52B /* Info.plist */,
			);
			path = LiveCamera4;
			sourceTree = "<group>";
		};
/* End PBXGroup section */

/* Begin PBXNativeTarget section */
		5E80CBAA1F5482680090A52B /* LiveCamera4 */ = {
			isa = PBXNativeTarget;
			buildConfigurationList = 5E80CBBD1F5482680090A52B /* Build configuration list for PBXNativeTarget "LiveCamera4" */;
			buildPhases = (
				5E80CBA71F5482680090A52B /* Sources */,
				5E80CBA81F5482680090A52B /* Frameworks */,
				5E80CBA91F5482680090A52B /* Resources */,
			);
			buildRules = (
			);
			dependencies = (
			);
			name = LiveCamera4;
			productName = LiveCamera4;
			productReference = 5E80CBAB1F5482680090A52B /* LiveCamera4.app */;
			productType = "com.apple.product-type.application";
		};
/* End PBXNativeTarget section */

/* Begin PBXProject section */
		5E80CBA31F5482680090A52B /* Project object */ = {
			isa = PBXProject;
			attributes = {
				LastSwiftUpdateCheck = 0900;
				LastUpgradeCheck = 0900;
				ORGANIZATIONNAME = "Touchopia, LLC";
				TargetAttributes = {
					5E80CBAA1F5482680090A52B = {
						CreatedOnToolsVersion = 9.0;
					};
				};
			};
			buildConfigurationList = 5E80CBA61F5482680090A52B /* Build configuration list for PBXProject "LiveCamera4" */;
			compatibilityVersion = "Xcode 8.0";
			developmentRegion = en;
			hasScannedForEncodings = 0;
			knownRegions = (
				en,
				Base,
			);
			mainGroup = 5E80CBA21F5482680090A52B;
			productRefGroup = 5E80CBAC1F5482680090A52B /* Products */;
			projectDirPath = "";
			projectRoot = "";
			targets = (
				5E80CBAA1F5482680090A52B /* LiveCamera4 */,
			);
		};
/* End PBXProject section */

/* Begin PBXResourcesBuildPhase section */
		5E80CBA91F5482680090A52B /* Resources */ = {
			isa = PBXResourcesBuildPhase;
			buildActionMask = 2147483647;
			files = (
				5E80CBB91F5482680090A52B /* LaunchScreen.storyboard in Resources */,
				5E80CBB61F5482680090A52B /* Assets.xcassets in Resources */,
				5E80CBB41F5482680090A52B /* Main.storyboard in Resources */,
			);
			runOnlyForDeploymentPostprocessing = 0;
		};
/* End PBXResourcesBuildPhase section */

/* Begin PBXSourcesBuildPhase section */
		5E80CBA71F5482680090A52B /* Sources */ = {
			isa = PBXSourcesBuildPhase;
			buildActionMask = 2147483647;
			files = (
				5E80CBB11F5482680090A52B /* ViewController.swift in Sources */,
				5E80CBAF1F5482680090A52B /* AppDelegate.swift in Sources */,
			);
			runOnlyForDeploymentPostprocessing = 0;
		};
/* End PBXSourcesBuildPhase section */

/* Begin PBXVariantGroup section */
		5E80CBB21F5482680090A52B /* Main.storyboard */ = {
			isa = PBXVariantGroup;
			children = (
				5E80CBB31F5482680090A52B /* Base */,
			);
			name = Main.storyboard;
			sourceTree = "<group>";
		};
		5E80CBB71F5482680090A52B /* LaunchScreen.storyboard */ = {
			isa = PBXVariantGroup;
			children = (
				5E80CBB81F5482680090A52B /* Base */,
			);
			name = LaunchScreen.storyboard;
			sourceTree = "<group>";
		};
/* End PBXVariantGroup section */

/* Begin XCBuildConfiguration section */
		5E80CBBB1F5482680090A52B /* Debug */ = {
			isa = XCBuildConfiguration;
			buildSettings = {
				ALWAYS_SEARCH_USER_PATHS = NO;
				CLANG_ANALYZER_NONNULL = YES;
				CLANG_ANALYZER_NUMBER_OBJECT_CONVERSION = YES_AGGRESSIVE;
				CLANG_CXX_LANGUAGE_STANDARD = "gnu++14";
				CLANG_CXX_LIBRARY = "libc++";
				CLANG_ENABLE_MODULES = YES;
				CLANG_ENABLE_OBJC_ARC = YES;
				CLANG_WARN_BLOCK_CAPTURE_AUTORELEASING = YES;
				CLANG_WARN_BOOL_CONVERSION = YES;
				CLANG_WARN_COMMA = YES;
				CLANG_WARN_CONSTANT_CONVERSION = YES;
				CLANG_WARN_DIRECT_OBJC_ISA_USAGE = YES_ERROR;
				CLANG_WARN_DOCUMENTATION_COMMENTS = YES;
				CLANG_WARN_EMPTY_BODY = YES;
				CLANG_WARN_ENUM_CONVERSION = YES;
				CLANG_WARN_INFINITE_RECURSION = YES;
				CLANG_WARN_INT_CONVERSION = YES;
				CLANG_WARN_NON_LITERAL_NULL_CONVERSION = YES;
				CLANG_WARN_OBJC_LITERAL_CONVERSION = YES;
				CLANG_WARN_OBJC_ROOT_CLASS = YES_ERROR;
				CLANG_WARN_RANGE_LOOP_ANALYSIS = YES;
				CLANG_WARN_STRICT_PROTOTYPES = YES;
				CLANG_WARN_SUSPICIOUS_MOVE = YES;
				CLANG_WARN_UNGUARDED_AVAILABILITY = YES_AGGRESSIVE;
				CLANG_WARN_UNREACHABLE_CODE = YES;
				CLANG_WARN__DUPLICATE_METHOD_MATCH = YES;
				CODE_SIGN_IDENTITY = "iPhone Developer";
				COPY_PHASE_STRIP = NO;
				DEBUG_INFORMATION_FORMAT = dwarf;
				ENABLE_STRICT_OBJC_MSGSEND = YES;
				ENABLE_TESTABILITY = YES;
				GCC_C_LANGUAGE_STANDARD = gnu11;
				GCC_DYNAMIC_NO_PIC = NO;
				GCC_NO_COMMON_BLOCKS = YES;
				GCC_OPTIMIZATION_LEVEL = 0;
				GCC_PREPROCESSOR_DEFINITIONS = (
					"DEBUG=1",
					"$(inherited)",
				);
				GCC_WARN_64_TO_32_BIT_CONVERSION = YES;
				GCC_WARN_ABOUT_RETURN_TYPE = YES_ERROR;
				GCC_WARN_UNDECLARED_SELECTOR = YES;
				GCC_WARN_UNINITIALIZED_AUTOS = YES_AGGRESSIVE;
				GCC_WARN_UNUSED_FUNCTION = YES;
				GCC_WARN_UNUSED_VARIABLE = YES;
				IPHONEOS_DEPLOYMENT_TARGET = 11.0;
				MTL_ENABLE_DEBUG_INFO = YES;
				ONLY_ACTIVE_ARCH = YES;
				SDKROOT = iphoneos;
				SWIFT_ACTIVE_COMPILATION_CONDITIONS = DEBUG;
				SWIFT_OPTIMIZATION_LEVEL = "-Onone";
			};
			name = Debug;
		};
		5E80CBBC1F5482680090A52B /* Release */ = {
			isa = XCBuildConfiguration;
			buildSettings = {
				ALWAYS_SEARCH_USER_PATHS = NO;
				CLANG_ANALYZER_NONNULL = YES;
				CLANG_ANALYZER_NUMBER_OBJECT_CONVERSION = YES_AGGRESSIVE;
				CLANG_CXX_LANGUAGE_STANDARD = "gnu++14";
				CLANG_CXX_LIBRARY = "libc++";
				CLANG_ENABLE_MODULES = YES;
				CLANG_ENABLE_OBJC_ARC = YES;
				CLANG_WARN_BLOCK_CAPTURE_AUTORELEASING = YES;
				CLANG_WARN_BOOL_CONVERSION = YES;
				CLANG_WARN_COMMA = YES;
				CLANG_WARN_CONSTANT_CONVERSION = YES;
				CLANG_WARN_DIRECT_OBJC_ISA_USAGE = YES_ERROR;
				CLANG_WARN_DOCUMENTATION_COMMENTS = YES;
				CLANG_WARN_EMPTY_BODY = YES;
				CLANG_WARN_ENUM_CONVERSION = YES;
				CLANG_WARN_INFINITE_RECURSION = YES;
				CLANG_WARN_INT_CONVERSION = YES;
				CLANG_WARN_NON_LITERAL_NULL_CONVERSION = YES;
				CLANG_WARN_OBJC_LITERAL_CONVERSION = YES;
				CLANG_WARN_OBJC_ROOT_CLASS = YES_ERROR;
				CLANG_WARN_RANGE_LOOP_ANALYSIS = YES;
				CLANG_WARN_STRICT_PROTOTYPES = YES;
				CLANG_WARN_SUSPICIOUS_MOVE = YES;
				CLANG_WARN_UNGUARDED_AVAILABILITY = YES_AGGRESSIVE;
				CLANG_WARN_UNREACHABLE_CODE = YES;
				CLANG_WARN__DUPLICATE_METHOD_MATCH = YES;
				CODE_SIGN_IDENTITY = "iPhone Developer";
				COPY_PHASE_STRIP = NO;
				DEBUG_INFORMATION_FORMAT = "dwarf-with-dsym";
				ENABLE_NS_ASSERTIONS = NO;
				ENABLE_STRICT_OBJC_MSGSEND = YES;
				GCC_C_LANGUAGE_STANDARD = gnu11;
				GCC_NO_COMMON_BLOCKS = YES;
				GCC_WARN_64_TO_32_BIT_CONVERSION = YES;
				GCC_WARN_ABOUT_RETURN_TYPE = YES_ERROR;
				GCC_WARN_UNDECLARED_SELECTOR = YES;
				GCC_WARN_UNINITIALIZED_AUTOS = YES_AGGRESSIVE;
				GCC_WARN_UNUSED_FUNCTION = YES;
				GCC_WARN_UNUSED_VARIABLE = YES;
				IPHONEOS_DEPLOYMENT_TARGET = 11.0;
				MTL_ENABLE_DEBUG_INFO = NO;
				SDKROOT = iphoneos;
				SWIFT_OPTIMIZATION_LEVEL = "-Owholemodule";
				VALIDATE_PRODUCT = YES;
			};
			name = Release;
		};
		5E80CBBE1F5482680090A52B /* Debug */ = {
			isa = XCBuildConfiguration;
			buildSettings = {
				ASSETCATALOG_COMPILER_APPICON_NAME = AppIcon;
				DEVELOPMENT_TEAM = 86Z976V88Y;
				INFOPLIST_FILE = LiveCamera4/Info.plist;
				LD_RUNPATH_SEARCH_PATHS = "$(inherited) @executable_path/Frameworks";
				PRODUCT_BUNDLE_IDENTIFIER = com.touchopia.LiveCamera4;
				PRODUCT_NAME = "$(TARGET_NAME)";
				SWIFT_VERSION = 4.0;
				TARGETED_DEVICE_FAMILY = "1,2";
			};
			name = Debug;
		};
		5E80CBBF1F5482680090A52B /* Release */ = {
			isa = XCBuildConfiguration;
			buildSettings = {
				ASSETCATALOG_COMPILER_APPICON_NAME = AppIcon;
				DEVELOPMENT_TEAM = 86Z976V88Y;
				INFOPLIST_FILE = LiveCamera4/Info.plist;
				LD_RUNPATH_SEARCH_PATHS = "$(inherited) @executable_path/Frameworks";
				PRODUCT_BUNDLE_IDENTIFIER = com.touchopia.LiveCamera4;
				PRODUCT_NAME = "$(TARGET_NAME)";
				SWIFT_VERSION = 4.0;
				TARGETED_DEVICE_FAMILY = "1,2";
			};
			name = Release;
		};
/* End XCBuildConfiguration section */

/* Begin XCConfigurationList section */
		5E80CBA61F5482680090A52B /* Build configuration list for PBXProject "LiveCamera4" */ = {
			isa = XCConfigurationList;
			buildConfigurations = (
				5E80CBBB1F5482680090A52B /* Debug */,
				5E80CBBC1F5482680090A52B /* Release */,
			);
			defaultConfigurationIsVisible = 0;
			defaultConfigurationName = Release;
		};
		5E80CBBD1F5482680090A52B /* Build configuration list for PBXNativeTarget "LiveCamera4" */ = {
			isa = XCConfigurationList;
			buildConfigurations = (
				5E80CBBE1F5482680090A52B /* Debug */,
				5E80CBBF1F5482680090A52B /* Release */,
			);
			defaultConfigurationIsVisible = 0;
			defaultConfigurationName = Release;
		};
/* End XCConfigurationList section */
	};
	rootObject = 5E80CBA31F5482680090A52B /* Project object */;
}
